// !$*UTF8*$!
{
	archiveVersion = 1;
	classes = {
	};
	objectVersion = 46;
	objects = {

/* Begin PBXBuildFile section */
		F6021A291B07C69A007C0C21 /* PreviewCell.swift in Sources */ = {isa = PBXBuildFile; fileRef = F6021A281B07C69A007C0C21 /* PreviewCell.swift */; };
		F60B213D1B13CA7F00148804 /* CellSizesStruct.swift in Sources */ = {isa = PBXBuildFile; fileRef = F60B213C1B13CA7F00148804 /* CellSizesStruct.swift */; };
		F60B92231AFF03BF00F7A9F8 /* ColorPalette.swift in Sources */ = {isa = PBXBuildFile; fileRef = F60B92221AFF03BF00F7A9F8 /* ColorPalette.swift */; };
		F60CF2FF1B0842D300E7EFE0 /* ColorPaletteView.swift in Sources */ = {isa = PBXBuildFile; fileRef = F60CF2FE1B0842D300E7EFE0 /* ColorPaletteView.swift */; };
		F60DFF1E1AFEED2E00019FAB /* forward-7.png in Resources */ = {isa = PBXBuildFile; fileRef = F60DFF1D1AFEED2E00019FAB /* forward-7.png */; };
		F613F5BB1BAF4EAC00D3C25B /* SplashV3.png in Resources */ = {isa = PBXBuildFile; fileRef = F613F5BA1BAF4EAC00D3C25B /* SplashV3.png */; };
		F616577E1B12AA67005D0BFF /* keyboard-75.png in Resources */ = {isa = PBXBuildFile; fileRef = F616577D1B12AA67005D0BFF /* keyboard-75.png */; };
		F61BA0121BB8775600528FD1 /* ShortKeyUITests.swift in Sources */ = {isa = PBXBuildFile; fileRef = F61BA0111BB8775600528FD1 /* ShortKeyUITests.swift */; };
		F62E48C81B1018840074012E /* InformationViewController.swift in Sources */ = {isa = PBXBuildFile; fileRef = F62E48C71B1018840074012E /* InformationViewController.swift */; };
		F6676B191B7831D100EC573D /* TextDrawer.m in Sources */ = {isa = PBXBuildFile; fileRef = F6676B181B7831D100EC573D /* TextDrawer.m */; };
		F69CDF1A1B042C930076C6A9 /* keyboard-75.png in Resources */ = {isa = PBXBuildFile; fileRef = F69CDF191B042C930076C6A9 /* keyboard-75.png */; };
		F69CDF1D1B0452120076C6A9 /* RKDropdownAlert.m in Sources */ = {isa = PBXBuildFile; fileRef = F69CDF1C1B0452120076C6A9 /* RKDropdownAlert.m */; };
		F69E5CA61B02E7B000AFA35E /* PreviewViewController.swift in Sources */ = {isa = PBXBuildFile; fileRef = F69E5CA51B02E7B000AFA35E /* PreviewViewController.swift */; };
		F69E5CB61B02FCCE00AFA35E /* ReorderableCollectionViewFlowLayout.m in Sources */ = {isa = PBXBuildFile; fileRef = F69E5CB51B02FCCE00AFA35E /* ReorderableCollectionViewFlowLayout.m */; };
		F6A1C0201AC7396C00EEC008 /* KeyboardViewController.swift in Sources */ = {isa = PBXBuildFile; fileRef = F6FB59CA1A4F378A000A39CD /* KeyboardViewController.swift */; };
		F6BF84C31BB7857F0071A452 /* delete_sign-50.png in Resources */ = {isa = PBXBuildFile; fileRef = F6BF84C21BB7857F0071A452 /* delete_sign-50.png */; };
		F6E7C52D1D2B61210084A438 /* PreviewControllerSetup.swift in Sources */ = {isa = PBXBuildFile; fileRef = F6E7C52C1D2B61210084A438 /* PreviewControllerSetup.swift */; };
		F6FB59A31A4F36CE000A39CD /* AppDelegate.swift in Sources */ = {isa = PBXBuildFile; fileRef = F6FB59A21A4F36CE000A39CD /* AppDelegate.swift */; };
		F6FB59AA1A4F36CE000A39CD /* Images.xcassets in Resources */ = {isa = PBXBuildFile; fileRef = F6FB59A91A4F36CE000A39CD /* Images.xcassets */; };
		F6FB59AD1A4F36CE000A39CD /* LaunchScreen.xib in Resources */ = {isa = PBXBuildFile; fileRef = F6FB59AB1A4F36CE000A39CD /* LaunchScreen.xib */; };
		F6FB59B91A4F36CE000A39CD /* TiperKeyboard2Tests.swift in Sources */ = {isa = PBXBuildFile; fileRef = F6FB59B81A4F36CE000A39CD /* TiperKeyboard2Tests.swift */; };
		F6FB59CB1A4F378A000A39CD /* KeyboardViewController.swift in Sources */ = {isa = PBXBuildFile; fileRef = F6FB59CA1A4F378A000A39CD /* KeyboardViewController.swift */; };
		F6FB59CE1A4F378A000A39CD /* TiperKeyboardKB.appex in Embed App Extensions */ = {isa = PBXBuildFile; fileRef = F6FB59C61A4F378A000A39CD /* TiperKeyboardKB.appex */; settings = {ATTRIBUTES = (RemoveHeadersOnCopy, ); }; };
/* End PBXBuildFile section */

/* Begin PBXContainerItemProxy section */
		F61BA0141BB8775600528FD1 /* PBXContainerItemProxy */ = {
			isa = PBXContainerItemProxy;
			containerPortal = F6FB59951A4F36CE000A39CD /* Project object */;
			proxyType = 1;
			remoteGlobalIDString = F6FB599C1A4F36CE000A39CD;
			remoteInfo = TiperKeyboard2;
		};
		F6A1C01D1AC7371900EEC008 /* PBXContainerItemProxy */ = {
			isa = PBXContainerItemProxy;
			containerPortal = F6FB59951A4F36CE000A39CD /* Project object */;
			proxyType = 1;
			remoteGlobalIDString = F6FB59C51A4F378A000A39CD;
			remoteInfo = TiperKeyboardKB;
		};
		F6FB59B31A4F36CE000A39CD /* PBXContainerItemProxy */ = {
			isa = PBXContainerItemProxy;
			containerPortal = F6FB59951A4F36CE000A39CD /* Project object */;
			proxyType = 1;
			remoteGlobalIDString = F6FB599C1A4F36CE000A39CD;
			remoteInfo = TiperKeyboard2;
		};
		F6FB59CC1A4F378A000A39CD /* PBXContainerItemProxy */ = {
			isa = PBXContainerItemProxy;
			containerPortal = F6FB59951A4F36CE000A39CD /* Project object */;
			proxyType = 1;
			remoteGlobalIDString = F6FB59C51A4F378A000A39CD;
			remoteInfo = TiperKeyboardKB;
		};
/* End PBXContainerItemProxy section */

/* Begin PBXCopyFilesBuildPhase section */
		F6FB59D21A4F378A000A39CD /* Embed App Extensions */ = {
			isa = PBXCopyFilesBuildPhase;
			buildActionMask = 2147483647;
			dstPath = "";
			dstSubfolderSpec = 13;
			files = (
				F6FB59CE1A4F378A000A39CD /* TiperKeyboardKB.appex in Embed App Extensions */,
			);
			name = "Embed App Extensions";
			runOnlyForDeploymentPostprocessing = 0;
		};
/* End PBXCopyFilesBuildPhase section */

/* Begin PBXFileReference section */
		F6021A281B07C69A007C0C21 /* PreviewCell.swift */ = {isa = PBXFileReference; fileEncoding = 4; lastKnownFileType = sourcecode.swift; path = PreviewCell.swift; sourceTree = "<group>"; };
		F60B213C1B13CA7F00148804 /* CellSizesStruct.swift */ = {isa = PBXFileReference; fileEncoding = 4; lastKnownFileType = sourcecode.swift; path = CellSizesStruct.swift; sourceTree = "<group>"; };
		F60B92221AFF03BF00F7A9F8 /* ColorPalette.swift */ = {isa = PBXFileReference; fileEncoding = 4; lastKnownFileType = sourcecode.swift; path = ColorPalette.swift; sourceTree = "<group>"; };
		F60CF2FE1B0842D300E7EFE0 /* ColorPaletteView.swift */ = {isa = PBXFileReference; fileEncoding = 4; lastKnownFileType = sourcecode.swift; path = ColorPaletteView.swift; sourceTree = "<group>"; };
		F60DFF1D1AFEED2E00019FAB /* forward-7.png */ = {isa = PBXFileReference; lastKnownFileType = image.png; path = "forward-7.png"; sourceTree = "<group>"; };
		F6106FF51B77074D00DDE4A4 /* TiperKeyboardKB-Bridging-Header.h */ = {isa = PBXFileReference; lastKnownFileType = sourcecode.c.h; path = "TiperKeyboardKB-Bridging-Header.h"; sourceTree = "<group>"; };
		F613F5BA1BAF4EAC00D3C25B /* SplashV3.png */ = {isa = PBXFileReference; lastKnownFileType = image.png; path = SplashV3.png; sourceTree = "<group>"; };
		F616577D1B12AA67005D0BFF /* keyboard-75.png */ = {isa = PBXFileReference; lastKnownFileType = image.png; path = "keyboard-75.png"; sourceTree = "<group>"; };
		F61BA00F1BB8775600528FD1 /* ShortKeyUITests.xctest */ = {isa = PBXFileReference; explicitFileType = wrapper.cfbundle; includeInIndex = 0; path = ShortKeyUITests.xctest; sourceTree = BUILT_PRODUCTS_DIR; };
		F61BA0111BB8775600528FD1 /* ShortKeyUITests.swift */ = {isa = PBXFileReference; lastKnownFileType = sourcecode.swift; path = ShortKeyUITests.swift; sourceTree = "<group>"; };
		F61BA0131BB8775600528FD1 /* Info.plist */ = {isa = PBXFileReference; lastKnownFileType = text.plist.xml; path = Info.plist; sourceTree = "<group>"; };
		F62E48C71B1018840074012E /* InformationViewController.swift */ = {isa = PBXFileReference; fileEncoding = 4; lastKnownFileType = sourcecode.swift; path = InformationViewController.swift; sourceTree = "<group>"; };
		F64375081A59DF4F00E1335D /* TiperKeyboard2.entitlements */ = {isa = PBXFileReference; lastKnownFileType = text.xml; path = TiperKeyboard2.entitlements; sourceTree = "<group>"; };
		F64375091A59F41A00E1335D /* TiperKeyboardKB.entitlements */ = {isa = PBXFileReference; lastKnownFileType = text.xml; path = TiperKeyboardKB.entitlements; sourceTree = "<group>"; };
		F6676B171B7831D100EC573D /* TextDrawer.h */ = {isa = PBXFileReference; fileEncoding = 4; lastKnownFileType = sourcecode.c.h; path = TextDrawer.h; sourceTree = "<group>"; };
		F6676B181B7831D100EC573D /* TextDrawer.m */ = {isa = PBXFileReference; fileEncoding = 4; lastKnownFileType = sourcecode.c.objc; path = TextDrawer.m; sourceTree = "<group>"; };
		F69CDF191B042C930076C6A9 /* keyboard-75.png */ = {isa = PBXFileReference; lastKnownFileType = image.png; path = "keyboard-75.png"; sourceTree = "<group>"; };
		F69CDF1B1B0452120076C6A9 /* RKDropdownAlert.h */ = {isa = PBXFileReference; fileEncoding = 4; lastKnownFileType = sourcecode.c.h; path = RKDropdownAlert.h; sourceTree = "<group>"; };
		F69CDF1C1B0452120076C6A9 /* RKDropdownAlert.m */ = {isa = PBXFileReference; fileEncoding = 4; lastKnownFileType = sourcecode.c.objc; path = RKDropdownAlert.m; sourceTree = "<group>"; };
		F69E5CA51B02E7B000AFA35E /* PreviewViewController.swift */ = {isa = PBXFileReference; fileEncoding = 4; lastKnownFileType = sourcecode.swift; path = PreviewViewController.swift; sourceTree = "<group>"; };
		F69E5CB01B02FC6200AFA35E /* TiperKeyboard2-Bridging-Header.h */ = {isa = PBXFileReference; lastKnownFileType = sourcecode.c.h; path = "TiperKeyboard2-Bridging-Header.h"; sourceTree = "<group>"; };
		F69E5CB41B02FCCE00AFA35E /* ReorderableCollectionViewFlowLayout.h */ = {isa = PBXFileReference; fileEncoding = 4; lastKnownFileType = sourcecode.c.h; path = ReorderableCollectionViewFlowLayout.h; sourceTree = "<group>"; };
		F69E5CB51B02FCCE00AFA35E /* ReorderableCollectionViewFlowLayout.m */ = {isa = PBXFileReference; fileEncoding = 4; lastKnownFileType = sourcecode.c.objc; path = ReorderableCollectionViewFlowLayout.m; sourceTree = "<group>"; };
		F6BF84C21BB7857F0071A452 /* delete_sign-50.png */ = {isa = PBXFileReference; lastKnownFileType = image.png; path = "delete_sign-50.png"; sourceTree = "<group>"; };
		F6E7C52C1D2B61210084A438 /* PreviewControllerSetup.swift */ = {isa = PBXFileReference; fileEncoding = 4; lastKnownFileType = sourcecode.swift; path = PreviewControllerSetup.swift; sourceTree = "<group>"; };
		F6FB599D1A4F36CE000A39CD /* TiperKeyboard2.app */ = {isa = PBXFileReference; explicitFileType = wrapper.application; includeInIndex = 0; path = TiperKeyboard2.app; sourceTree = BUILT_PRODUCTS_DIR; };
		F6FB59A11A4F36CE000A39CD /* Info.plist */ = {isa = PBXFileReference; lastKnownFileType = text.plist.xml; path = Info.plist; sourceTree = "<group>"; };
		F6FB59A21A4F36CE000A39CD /* AppDelegate.swift */ = {isa = PBXFileReference; lastKnownFileType = sourcecode.swift; path = AppDelegate.swift; sourceTree = "<group>"; };
		F6FB59A91A4F36CE000A39CD /* Images.xcassets */ = {isa = PBXFileReference; lastKnownFileType = folder.assetcatalog; path = Images.xcassets; sourceTree = "<group>"; };
		F6FB59AC1A4F36CE000A39CD /* Base */ = {isa = PBXFileReference; lastKnownFileType = file.xib; name = Base; path = Base.lproj/LaunchScreen.xib; sourceTree = "<group>"; };
		F6FB59B21A4F36CE000A39CD /* TiperKeyboard2Tests.xctest */ = {isa = PBXFileReference; explicitFileType = wrapper.cfbundle; includeInIndex = 0; path = TiperKeyboard2Tests.xctest; sourceTree = BUILT_PRODUCTS_DIR; };
		F6FB59B71A4F36CE000A39CD /* Info.plist */ = {isa = PBXFileReference; lastKnownFileType = text.plist.xml; path = Info.plist; sourceTree = "<group>"; };
		F6FB59B81A4F36CE000A39CD /* TiperKeyboard2Tests.swift */ = {isa = PBXFileReference; lastKnownFileType = sourcecode.swift; path = TiperKeyboard2Tests.swift; sourceTree = "<group>"; };
		F6FB59C61A4F378A000A39CD /* TiperKeyboardKB.appex */ = {isa = PBXFileReference; explicitFileType = "wrapper.app-extension"; includeInIndex = 0; path = TiperKeyboardKB.appex; sourceTree = BUILT_PRODUCTS_DIR; };
		F6FB59C91A4F378A000A39CD /* Info.plist */ = {isa = PBXFileReference; lastKnownFileType = text.plist.xml; path = Info.plist; sourceTree = "<group>"; };
		F6FB59CA1A4F378A000A39CD /* KeyboardViewController.swift */ = {isa = PBXFileReference; lastKnownFileType = sourcecode.swift; path = KeyboardViewController.swift; sourceTree = "<group>"; };
/* End PBXFileReference section */

/* Begin PBXFrameworksBuildPhase section */
		F61BA00C1BB8775600528FD1 /* Frameworks */ = {
			isa = PBXFrameworksBuildPhase;
			buildActionMask = 2147483647;
			files = (
			);
			runOnlyForDeploymentPostprocessing = 0;
		};
		F6FB599A1A4F36CE000A39CD /* Frameworks */ = {
			isa = PBXFrameworksBuildPhase;
			buildActionMask = 2147483647;
			files = (
			);
			runOnlyForDeploymentPostprocessing = 0;
		};
		F6FB59AF1A4F36CE000A39CD /* Frameworks */ = {
			isa = PBXFrameworksBuildPhase;
			buildActionMask = 2147483647;
			files = (
			);
			runOnlyForDeploymentPostprocessing = 0;
		};
		F6FB59C31A4F378A000A39CD /* Frameworks */ = {
			isa = PBXFrameworksBuildPhase;
			buildActionMask = 2147483647;
			files = (
			);
			runOnlyForDeploymentPostprocessing = 0;
		};
/* End PBXFrameworksBuildPhase section */

/* Begin PBXGroup section */
		F61BA0101BB8775600528FD1 /* ShortKeyUITests */ = {
			isa = PBXGroup;
			children = (
				F61BA0111BB8775600528FD1 /* ShortKeyUITests.swift */,
				F61BA0131BB8775600528FD1 /* Info.plist */,
			);
			path = ShortKeyUITests;
			sourceTree = "<group>";
		};
		F6FB59941A4F36CE000A39CD = {
			isa = PBXGroup;
			children = (
				F6E7C52C1D2B61210084A438 /* PreviewControllerSetup.swift */,
				F6FB599F1A4F36CE000A39CD /* TiperKeyboard2 */,
				F6FB59B51A4F36CE000A39CD /* TiperKeyboard2Tests */,
				F6FB59C71A4F378A000A39CD /* TiperKeyboardKB */,
				F61BA0101BB8775600528FD1 /* ShortKeyUITests */,
				F6FB599E1A4F36CE000A39CD /* Products */,
			);
			sourceTree = "<group>";
		};
		F6FB599E1A4F36CE000A39CD /* Products */ = {
			isa = PBXGroup;
			children = (
				F6FB599D1A4F36CE000A39CD /* TiperKeyboard2.app */,
				F6FB59B21A4F36CE000A39CD /* TiperKeyboard2Tests.xctest */,
				F6FB59C61A4F378A000A39CD /* TiperKeyboardKB.appex */,
				F61BA00F1BB8775600528FD1 /* ShortKeyUITests.xctest */,
			);
			name = Products;
			sourceTree = "<group>";
		};
		F6FB599F1A4F36CE000A39CD /* TiperKeyboard2 */ = {
			isa = PBXGroup;
			children = (
				F64375081A59DF4F00E1335D /* TiperKeyboard2.entitlements */,
				F6FB59A21A4F36CE000A39CD /* AppDelegate.swift */,
				F60B92221AFF03BF00F7A9F8 /* ColorPalette.swift */,
				F69E5CA51B02E7B000AFA35E /* PreviewViewController.swift */,
				F6021A281B07C69A007C0C21 /* PreviewCell.swift */,
				F60CF2FE1B0842D300E7EFE0 /* ColorPaletteView.swift */,
				F62E48C71B1018840074012E /* InformationViewController.swift */,
				F69E5CB41B02FCCE00AFA35E /* ReorderableCollectionViewFlowLayout.h */,
				F69E5CB51B02FCCE00AFA35E /* ReorderableCollectionViewFlowLayout.m */,
				F69CDF1B1B0452120076C6A9 /* RKDropdownAlert.h */,
				F69CDF1C1B0452120076C6A9 /* RKDropdownAlert.m */,
				F6FB59A91A4F36CE000A39CD /* Images.xcassets */,
				F6FB59AB1A4F36CE000A39CD /* LaunchScreen.xib */,
				F613F5BA1BAF4EAC00D3C25B /* SplashV3.png */,
				F616577D1B12AA67005D0BFF /* keyboard-75.png */,
				F6FB59A01A4F36CE000A39CD /* Supporting Files */,
				F69E5CB01B02FC6200AFA35E /* TiperKeyboard2-Bridging-Header.h */,
				F60B213C1B13CA7F00148804 /* CellSizesStruct.swift */,
				F6676B171B7831D100EC573D /* TextDrawer.h */,
				F6676B181B7831D100EC573D /* TextDrawer.m */,
			);
			path = TiperKeyboard2;
			sourceTree = "<group>";
		};
		F6FB59A01A4F36CE000A39CD /* Supporting Files */ = {
			isa = PBXGroup;
			children = (
				F6FB59A11A4F36CE000A39CD /* Info.plist */,
				F60DFF1D1AFEED2E00019FAB /* forward-7.png */,
			);
			name = "Supporting Files";
			sourceTree = "<group>";
		};
		F6FB59B51A4F36CE000A39CD /* TiperKeyboard2Tests */ = {
			isa = PBXGroup;
			children = (
				F6FB59B81A4F36CE000A39CD /* TiperKeyboard2Tests.swift */,
				F6FB59B61A4F36CE000A39CD /* Supporting Files */,
			);
			path = TiperKeyboard2Tests;
			sourceTree = "<group>";
		};
		F6FB59B61A4F36CE000A39CD /* Supporting Files */ = {
			isa = PBXGroup;
			children = (
				F6FB59B71A4F36CE000A39CD /* Info.plist */,
			);
			name = "Supporting Files";
			sourceTree = "<group>";
		};
		F6FB59C71A4F378A000A39CD /* TiperKeyboardKB */ = {
			isa = PBXGroup;
			children = (
				F64375091A59F41A00E1335D /* TiperKeyboardKB.entitlements */,
				F6BF84C21BB7857F0071A452 /* delete_sign-50.png */,
				F6FB59CA1A4F378A000A39CD /* KeyboardViewController.swift */,
				F69CDF191B042C930076C6A9 /* keyboard-75.png */,
				F6FB59C81A4F378A000A39CD /* Supporting Files */,
				F6106FF51B77074D00DDE4A4 /* TiperKeyboardKB-Bridging-Header.h */,
			);
			path = TiperKeyboardKB;
			sourceTree = "<group>";
		};
		F6FB59C81A4F378A000A39CD /* Supporting Files */ = {
			isa = PBXGroup;
			children = (
				F6FB59C91A4F378A000A39CD /* Info.plist */,
			);
			name = "Supporting Files";
			sourceTree = "<group>";
		};
/* End PBXGroup section */

/* Begin PBXNativeTarget section */
		F61BA00E1BB8775600528FD1 /* ShortKeyUITests */ = {
			isa = PBXNativeTarget;
			buildConfigurationList = F61BA0181BB8775600528FD1 /* Build configuration list for PBXNativeTarget "ShortKeyUITests" */;
			buildPhases = (
				F61BA00B1BB8775600528FD1 /* Sources */,
				F61BA00C1BB8775600528FD1 /* Frameworks */,
				F61BA00D1BB8775600528FD1 /* Resources */,
			);
			buildRules = (
			);
			dependencies = (
				F61BA0151BB8775600528FD1 /* PBXTargetDependency */,
			);
			name = ShortKeyUITests;
			productName = ShortKeyUITests;
			productReference = F61BA00F1BB8775600528FD1 /* ShortKeyUITests.xctest */;
			productType = "com.apple.product-type.bundle.ui-testing";
		};
		F6FB599C1A4F36CE000A39CD /* TiperKeyboard2 */ = {
			isa = PBXNativeTarget;
			buildConfigurationList = F6FB59BC1A4F36CE000A39CD /* Build configuration list for PBXNativeTarget "TiperKeyboard2" */;
			buildPhases = (
				F6FB59991A4F36CE000A39CD /* Sources */,
				F6FB599A1A4F36CE000A39CD /* Frameworks */,
				F6FB599B1A4F36CE000A39CD /* Resources */,
				F6FB59D21A4F378A000A39CD /* Embed App Extensions */,
			);
			buildRules = (
			);
			dependencies = (
				F6FB59CD1A4F378A000A39CD /* PBXTargetDependency */,
			);
			name = TiperKeyboard2;
			productName = TiperKeyboard2;
			productReference = F6FB599D1A4F36CE000A39CD /* TiperKeyboard2.app */;
			productType = "com.apple.product-type.application";
		};
		F6FB59B11A4F36CE000A39CD /* TiperKeyboard2Tests */ = {
			isa = PBXNativeTarget;
			buildConfigurationList = F6FB59BF1A4F36CE000A39CD /* Build configuration list for PBXNativeTarget "TiperKeyboard2Tests" */;
			buildPhases = (
				F6FB59AE1A4F36CE000A39CD /* Sources */,
				F6FB59AF1A4F36CE000A39CD /* Frameworks */,
				F6FB59B01A4F36CE000A39CD /* Resources */,
			);
			buildRules = (
			);
			dependencies = (
				F6A1C01E1AC7371900EEC008 /* PBXTargetDependency */,
				F6FB59B41A4F36CE000A39CD /* PBXTargetDependency */,
			);
			name = TiperKeyboard2Tests;
			productName = TiperKeyboard2Tests;
			productReference = F6FB59B21A4F36CE000A39CD /* TiperKeyboard2Tests.xctest */;
			productType = "com.apple.product-type.bundle.unit-test";
		};
		F6FB59C51A4F378A000A39CD /* TiperKeyboardKB */ = {
			isa = PBXNativeTarget;
			buildConfigurationList = F6FB59CF1A4F378A000A39CD /* Build configuration list for PBXNativeTarget "TiperKeyboardKB" */;
			buildPhases = (
				F6FB59C21A4F378A000A39CD /* Sources */,
				F6FB59C31A4F378A000A39CD /* Frameworks */,
				F6FB59C41A4F378A000A39CD /* Resources */,
			);
			buildRules = (
			);
			dependencies = (
			);
			name = TiperKeyboardKB;
			productName = TiperKeyboardKB;
			productReference = F6FB59C61A4F378A000A39CD /* TiperKeyboardKB.appex */;
			productType = "com.apple.product-type.app-extension";
		};
/* End PBXNativeTarget section */

/* Begin PBXProject section */
		F6FB59951A4F36CE000A39CD /* Project object */ = {
			isa = PBXProject;
			attributes = {
				LastSwiftMigration = 0700;
				LastSwiftUpdateCheck = 0700;
				LastUpgradeCheck = 0800;
				ORGANIZATIONNAME = "Kevin Taniguchi";
				TargetAttributes = {
					F61BA00E1BB8775600528FD1 = {
						CreatedOnToolsVersion = 7.0;
						LastSwiftMigration = 0800;
						TestTargetID = F6FB599C1A4F36CE000A39CD;
					};
					F6FB599C1A4F36CE000A39CD = {
						CreatedOnToolsVersion = 6.1.1;
						DevelopmentTeam = 3B3FT42G96;
						LastSwiftMigration = 0800;
						SystemCapabilities = {
							com.apple.ApplicationGroups.iOS = {
								enabled = 1;
							};
							com.apple.DataProtection = {
								enabled = 0;
							};
							com.apple.InAppPurchase = {
								enabled = 0;
							};
						};
					};
					F6FB59B11A4F36CE000A39CD = {
						CreatedOnToolsVersion = 6.1.1;
						TestTargetID = F6FB599C1A4F36CE000A39CD;
					};
					F6FB59C51A4F378A000A39CD = {
						CreatedOnToolsVersion = 6.1.1;
						DevelopmentTeam = 3B3FT42G96;
						LastSwiftMigration = 0800;
						SystemCapabilities = {
							com.apple.ApplicationGroups.iOS = {
								enabled = 1;
							};
						};
					};
				};
			};
			buildConfigurationList = F6FB59981A4F36CE000A39CD /* Build configuration list for PBXProject "TiperKeyboard2" */;
			compatibilityVersion = "Xcode 3.2";
			developmentRegion = English;
			hasScannedForEncodings = 0;
			knownRegions = (
				en,
				Base,
			);
			mainGroup = F6FB59941A4F36CE000A39CD;
			productRefGroup = F6FB599E1A4F36CE000A39CD /* Products */;
			projectDirPath = "";
			projectRoot = "";
			targets = (
				F6FB599C1A4F36CE000A39CD /* TiperKeyboard2 */,
				F6FB59B11A4F36CE000A39CD /* TiperKeyboard2Tests */,
				F6FB59C51A4F378A000A39CD /* TiperKeyboardKB */,
				F61BA00E1BB8775600528FD1 /* ShortKeyUITests */,
			);
		};
/* End PBXProject section */

/* Begin PBXResourcesBuildPhase section */
		F61BA00D1BB8775600528FD1 /* Resources */ = {
			isa = PBXResourcesBuildPhase;
			buildActionMask = 2147483647;
			files = (
			);
			runOnlyForDeploymentPostprocessing = 0;
		};
		F6FB599B1A4F36CE000A39CD /* Resources */ = {
			isa = PBXResourcesBuildPhase;
			buildActionMask = 2147483647;
			files = (
				F6FB59AD1A4F36CE000A39CD /* LaunchScreen.xib in Resources */,
				F60DFF1E1AFEED2E00019FAB /* forward-7.png in Resources */,
				F616577E1B12AA67005D0BFF /* keyboard-75.png in Resources */,
				F613F5BB1BAF4EAC00D3C25B /* SplashV3.png in Resources */,
				F6FB59AA1A4F36CE000A39CD /* Images.xcassets in Resources */,
			);
			runOnlyForDeploymentPostprocessing = 0;
		};
		F6FB59B01A4F36CE000A39CD /* Resources */ = {
			isa = PBXResourcesBuildPhase;
			buildActionMask = 2147483647;
			files = (
			);
			runOnlyForDeploymentPostprocessing = 0;
		};
		F6FB59C41A4F378A000A39CD /* Resources */ = {
			isa = PBXResourcesBuildPhase;
			buildActionMask = 2147483647;
			files = (
				F6BF84C31BB7857F0071A452 /* delete_sign-50.png in Resources */,
				F69CDF1A1B042C930076C6A9 /* keyboard-75.png in Resources */,
			);
			runOnlyForDeploymentPostprocessing = 0;
		};
/* End PBXResourcesBuildPhase section */

/* Begin PBXSourcesBuildPhase section */
		F61BA00B1BB8775600528FD1 /* Sources */ = {
			isa = PBXSourcesBuildPhase;
			buildActionMask = 2147483647;
			files = (
				F61BA0121BB8775600528FD1 /* ShortKeyUITests.swift in Sources */,
			);
			runOnlyForDeploymentPostprocessing = 0;
		};
		F6FB59991A4F36CE000A39CD /* Sources */ = {
			isa = PBXSourcesBuildPhase;
			buildActionMask = 2147483647;
			files = (
				F60B213D1B13CA7F00148804 /* CellSizesStruct.swift in Sources */,
				F69E5CB61B02FCCE00AFA35E /* ReorderableCollectionViewFlowLayout.m in Sources */,
				F6FB59A31A4F36CE000A39CD /* AppDelegate.swift in Sources */,
				F69E5CA61B02E7B000AFA35E /* PreviewViewController.swift in Sources */,
				F69CDF1D1B0452120076C6A9 /* RKDropdownAlert.m in Sources */,
				F6021A291B07C69A007C0C21 /* PreviewCell.swift in Sources */,
				F60CF2FF1B0842D300E7EFE0 /* ColorPaletteView.swift in Sources */,
				F60B92231AFF03BF00F7A9F8 /* ColorPalette.swift in Sources */,
				F6E7C52D1D2B61210084A438 /* PreviewControllerSetup.swift in Sources */,
				F62E48C81B1018840074012E /* InformationViewController.swift in Sources */,
				F6676B191B7831D100EC573D /* TextDrawer.m in Sources */,
			);
			runOnlyForDeploymentPostprocessing = 0;
		};
		F6FB59AE1A4F36CE000A39CD /* Sources */ = {
			isa = PBXSourcesBuildPhase;
			buildActionMask = 2147483647;
			files = (
				F6A1C0201AC7396C00EEC008 /* KeyboardViewController.swift in Sources */,
				F6FB59B91A4F36CE000A39CD /* TiperKeyboard2Tests.swift in Sources */,
			);
			runOnlyForDeploymentPostprocessing = 0;
		};
		F6FB59C21A4F378A000A39CD /* Sources */ = {
			isa = PBXSourcesBuildPhase;
			buildActionMask = 2147483647;
			files = (
				F6FB59CB1A4F378A000A39CD /* KeyboardViewController.swift in Sources */,
			);
			runOnlyForDeploymentPostprocessing = 0;
		};
/* End PBXSourcesBuildPhase section */

/* Begin PBXTargetDependency section */
		F61BA0151BB8775600528FD1 /* PBXTargetDependency */ = {
			isa = PBXTargetDependency;
			target = F6FB599C1A4F36CE000A39CD /* TiperKeyboard2 */;
			targetProxy = F61BA0141BB8775600528FD1 /* PBXContainerItemProxy */;
		};
		F6A1C01E1AC7371900EEC008 /* PBXTargetDependency */ = {
			isa = PBXTargetDependency;
			target = F6FB59C51A4F378A000A39CD /* TiperKeyboardKB */;
			targetProxy = F6A1C01D1AC7371900EEC008 /* PBXContainerItemProxy */;
		};
		F6FB59B41A4F36CE000A39CD /* PBXTargetDependency */ = {
			isa = PBXTargetDependency;
			target = F6FB599C1A4F36CE000A39CD /* TiperKeyboard2 */;
			targetProxy = F6FB59B31A4F36CE000A39CD /* PBXContainerItemProxy */;
		};
		F6FB59CD1A4F378A000A39CD /* PBXTargetDependency */ = {
			isa = PBXTargetDependency;
			target = F6FB59C51A4F378A000A39CD /* TiperKeyboardKB */;
			targetProxy = F6FB59CC1A4F378A000A39CD /* PBXContainerItemProxy */;
		};
/* End PBXTargetDependency section */

/* Begin PBXVariantGroup section */
		F6FB59AB1A4F36CE000A39CD /* LaunchScreen.xib */ = {
			isa = PBXVariantGroup;
			children = (
				F6FB59AC1A4F36CE000A39CD /* Base */,
			);
			name = LaunchScreen.xib;
			sourceTree = "<group>";
		};
/* End PBXVariantGroup section */

/* Begin XCBuildConfiguration section */
		F61BA0161BB8775600528FD1 /* Debug */ = {
			isa = XCBuildConfiguration;
			buildSettings = {
				DEBUG_INFORMATION_FORMAT = dwarf;
				GCC_NO_COMMON_BLOCKS = YES;
				INFOPLIST_FILE = ShortKeyUITests/Info.plist;
				IPHONEOS_DEPLOYMENT_TARGET = 9.0;
				LD_RUNPATH_SEARCH_PATHS = "$(inherited) @executable_path/Frameworks @loader_path/Frameworks";
				PRODUCT_BUNDLE_IDENTIFIER = com.Taniguchi.ShortKeyUITests;
				PRODUCT_NAME = "$(TARGET_NAME)";
				SWIFT_VERSION = 3.0;
				TEST_TARGET_NAME = TiperKeyboard2;
				USES_XCTRUNNER = YES;
			};
			name = Debug;
		};
		F61BA0171BB8775600528FD1 /* Release */ = {
			isa = XCBuildConfiguration;
			buildSettings = {
				COPY_PHASE_STRIP = NO;
				DEBUG_INFORMATION_FORMAT = "dwarf-with-dsym";
				GCC_NO_COMMON_BLOCKS = YES;
				INFOPLIST_FILE = ShortKeyUITests/Info.plist;
				IPHONEOS_DEPLOYMENT_TARGET = 9.0;
				LD_RUNPATH_SEARCH_PATHS = "$(inherited) @executable_path/Frameworks @loader_path/Frameworks";
				PRODUCT_BUNDLE_IDENTIFIER = com.Taniguchi.ShortKeyUITests;
				PRODUCT_NAME = "$(TARGET_NAME)";
				SWIFT_OPTIMIZATION_LEVEL = "-Owholemodule";
				SWIFT_VERSION = 3.0;
				TEST_TARGET_NAME = TiperKeyboard2;
				USES_XCTRUNNER = YES;
			};
			name = Release;
		};
		F6FB59BA1A4F36CE000A39CD /* Debug */ = {
			isa = XCBuildConfiguration;
			buildSettings = {
				ALWAYS_SEARCH_USER_PATHS = NO;
				CLANG_CXX_LANGUAGE_STANDARD = "gnu++0x";
				CLANG_CXX_LIBRARY = "libc++";
				CLANG_ENABLE_MODULES = YES;
				CLANG_ENABLE_OBJC_ARC = YES;
				CLANG_WARN_BOOL_CONVERSION = YES;
				CLANG_WARN_CONSTANT_CONVERSION = YES;
				CLANG_WARN_DIRECT_OBJC_ISA_USAGE = YES_ERROR;
				CLANG_WARN_EMPTY_BODY = YES;
				CLANG_WARN_ENUM_CONVERSION = YES;
				CLANG_WARN_INFINITE_RECURSION = YES;
				CLANG_WARN_INT_CONVERSION = YES;
				CLANG_WARN_OBJC_ROOT_CLASS = YES_ERROR;
				CLANG_WARN_SUSPICIOUS_MOVE = YES;
				CLANG_WARN_UNREACHABLE_CODE = YES;
				CLANG_WARN__DUPLICATE_METHOD_MATCH = YES;
				"CODE_SIGN_IDENTITY[sdk=iphoneos*]" = "iPhone Developer";
				COPY_PHASE_STRIP = NO;
				ENABLE_STRICT_OBJC_MSGSEND = YES;
				ENABLE_TESTABILITY = YES;
				GCC_C_LANGUAGE_STANDARD = gnu99;
				GCC_DYNAMIC_NO_PIC = NO;
				GCC_NO_COMMON_BLOCKS = YES;
				GCC_OPTIMIZATION_LEVEL = 0;
				GCC_PREPROCESSOR_DEFINITIONS = (
					"DEBUG=1",
					"$(inherited)",
				);
				GCC_SYMBOLS_PRIVATE_EXTERN = NO;
				GCC_WARN_64_TO_32_BIT_CONVERSION = YES;
				GCC_WARN_ABOUT_RETURN_TYPE = YES_ERROR;
				GCC_WARN_UNDECLARED_SELECTOR = YES;
				GCC_WARN_UNINITIALIZED_AUTOS = YES_AGGRESSIVE;
				GCC_WARN_UNUSED_FUNCTION = YES;
				GCC_WARN_UNUSED_VARIABLE = YES;
				IPHONEOS_DEPLOYMENT_TARGET = 8.4;
				MTL_ENABLE_DEBUG_INFO = YES;
				ONLY_ACTIVE_ARCH = YES;
				SDKROOT = iphoneos;
				SWIFT_OPTIMIZATION_LEVEL = "-Onone";
				TARGETED_DEVICE_FAMILY = "1,2";
			};
			name = Debug;
		};
		F6FB59BB1A4F36CE000A39CD /* Release */ = {
			isa = XCBuildConfiguration;
			buildSettings = {
				ALWAYS_SEARCH_USER_PATHS = NO;
				CLANG_CXX_LANGUAGE_STANDARD = "gnu++0x";
				CLANG_CXX_LIBRARY = "libc++";
				CLANG_ENABLE_MODULES = YES;
				CLANG_ENABLE_OBJC_ARC = YES;
				CLANG_WARN_BOOL_CONVERSION = YES;
				CLANG_WARN_CONSTANT_CONVERSION = YES;
				CLANG_WARN_DIRECT_OBJC_ISA_USAGE = YES_ERROR;
				CLANG_WARN_EMPTY_BODY = YES;
				CLANG_WARN_ENUM_CONVERSION = YES;
				CLANG_WARN_INFINITE_RECURSION = YES;
				CLANG_WARN_INT_CONVERSION = YES;
				CLANG_WARN_OBJC_ROOT_CLASS = YES_ERROR;
				CLANG_WARN_SUSPICIOUS_MOVE = YES;
				CLANG_WARN_UNREACHABLE_CODE = YES;
				CLANG_WARN__DUPLICATE_METHOD_MATCH = YES;
				"CODE_SIGN_IDENTITY[sdk=iphoneos*]" = "iPhone Developer";
				COPY_PHASE_STRIP = YES;
				ENABLE_NS_ASSERTIONS = NO;
				ENABLE_STRICT_OBJC_MSGSEND = YES;
				GCC_C_LANGUAGE_STANDARD = gnu99;
				GCC_NO_COMMON_BLOCKS = YES;
				GCC_WARN_64_TO_32_BIT_CONVERSION = YES;
				GCC_WARN_ABOUT_RETURN_TYPE = YES_ERROR;
				GCC_WARN_UNDECLARED_SELECTOR = YES;
				GCC_WARN_UNINITIALIZED_AUTOS = YES_AGGRESSIVE;
				GCC_WARN_UNUSED_FUNCTION = YES;
				GCC_WARN_UNUSED_VARIABLE = YES;
				IPHONEOS_DEPLOYMENT_TARGET = 8.4;
				MTL_ENABLE_DEBUG_INFO = NO;
				SDKROOT = iphoneos;
				TARGETED_DEVICE_FAMILY = "1,2";
				VALIDATE_PRODUCT = YES;
			};
			name = Release;
		};
		F6FB59BD1A4F36CE000A39CD /* Debug */ = {
			isa = XCBuildConfiguration;
			buildSettings = {
				ALWAYS_EMBED_SWIFT_STANDARD_LIBRARIES = YES;
				ASSETCATALOG_COMPILER_APPICON_NAME = AppIcon;
				CLANG_ENABLE_MODULES = YES;
				CODE_SIGN_ENTITLEMENTS = TiperKeyboard2/TiperKeyboard2.entitlements;
				CODE_SIGN_IDENTITY = "iPhone Developer";
				"CODE_SIGN_IDENTITY[sdk=iphoneos*]" = "iPhone Developer";
				INFOPLIST_FILE = TiperKeyboard2/Info.plist;
				IPHONEOS_DEPLOYMENT_TARGET = 9.3;
				LD_RUNPATH_SEARCH_PATHS = "$(inherited) @executable_path/Frameworks";
				PRODUCT_BUNDLE_IDENTIFIER = "com.Taniguchi.TiperKeyboard2.$(PRODUCT_NAME:rfc1034identifier)";
				PRODUCT_NAME = "$(TARGET_NAME)";
				PROVISIONING_PROFILE = "";
				SWIFT_OBJC_BRIDGING_HEADER = "TiperKeyboard2/TiperKeyboard2-Bridging-Header.h";
				SWIFT_OPTIMIZATION_LEVEL = "-Onone";
				SWIFT_VERSION = 3.0;
				TARGETED_DEVICE_FAMILY = "1,2";
			};
			name = Debug;
		};
		F6FB59BE1A4F36CE000A39CD /* Release */ = {
			isa = XCBuildConfiguration;
			buildSettings = {
				ALWAYS_EMBED_SWIFT_STANDARD_LIBRARIES = YES;
				ASSETCATALOG_COMPILER_APPICON_NAME = AppIcon;
				CLANG_ENABLE_MODULES = YES;
				CODE_SIGN_ENTITLEMENTS = TiperKeyboard2/TiperKeyboard2.entitlements;
				CODE_SIGN_IDENTITY = "iPhone Developer";
				"CODE_SIGN_IDENTITY[sdk=iphoneos*]" = "iPhone Developer";
				INFOPLIST_FILE = TiperKeyboard2/Info.plist;
				IPHONEOS_DEPLOYMENT_TARGET = 9.3;
				LD_RUNPATH_SEARCH_PATHS = "$(inherited) @executable_path/Frameworks";
				ONLY_ACTIVE_ARCH = YES;
				PRODUCT_BUNDLE_IDENTIFIER = "com.Taniguchi.TiperKeyboard2.$(PRODUCT_NAME:rfc1034identifier)";
				PRODUCT_NAME = "$(TARGET_NAME)";
				PROVISIONING_PROFILE = "";
				SWIFT_OBJC_BRIDGING_HEADER = "TiperKeyboard2/TiperKeyboard2-Bridging-Header.h";
				SWIFT_OPTIMIZATION_LEVEL = "-Owholemodule";
				SWIFT_VERSION = 3.0;
				TARGETED_DEVICE_FAMILY = "1,2";
			};
			name = Release;
		};
		F6FB59C01A4F36CE000A39CD /* Debug */ = {
			isa = XCBuildConfiguration;
			buildSettings = {
				BUNDLE_LOADER = "$(TEST_HOST)";
				FRAMEWORK_SEARCH_PATHS = (
					"$(SDKROOT)/Developer/Library/Frameworks",
					"$(inherited)",
				);
				GCC_PREPROCESSOR_DEFINITIONS = (
					"DEBUG=1",
					"$(inherited)",
				);
				INFOPLIST_FILE = TiperKeyboard2Tests/Info.plist;
				LD_RUNPATH_SEARCH_PATHS = "$(inherited) @executable_path/Frameworks @loader_path/Frameworks";
				PRODUCT_BUNDLE_IDENTIFIER = "com.Taniguchi.TiperKeyboard2.$(PRODUCT_NAME:rfc1034identifier)";
				PRODUCT_NAME = "$(TARGET_NAME)";
				TEST_HOST = "$(BUILT_PRODUCTS_DIR)/TiperKeyboard2.app/TiperKeyboard2";
			};
			name = Debug;
		};
		F6FB59C11A4F36CE000A39CD /* Release */ = {
			isa = XCBuildConfiguration;
			buildSettings = {
				BUNDLE_LOADER = "$(TEST_HOST)";
				FRAMEWORK_SEARCH_PATHS = (
					"$(SDKROOT)/Developer/Library/Frameworks",
					"$(inherited)",
				);
				INFOPLIST_FILE = TiperKeyboard2Tests/Info.plist;
				LD_RUNPATH_SEARCH_PATHS = "$(inherited) @executable_path/Frameworks @loader_path/Frameworks";
				PRODUCT_BUNDLE_IDENTIFIER = "com.Taniguchi.TiperKeyboard2.$(PRODUCT_NAME:rfc1034identifier)";
				PRODUCT_NAME = "$(TARGET_NAME)";
				SWIFT_OPTIMIZATION_LEVEL = "-Owholemodule";
				TEST_HOST = "$(BUILT_PRODUCTS_DIR)/TiperKeyboard2.app/TiperKeyboard2";
			};
			name = Release;
		};
		F6FB59D01A4F378A000A39CD /* Debug */ = {
			isa = XCBuildConfiguration;
			buildSettings = {
				CLANG_ENABLE_MODULES = YES;
				CODE_SIGN_ENTITLEMENTS = TiperKeyboardKB/TiperKeyboardKB.entitlements;
				CODE_SIGN_IDENTITY = "iPhone Developer";
				"CODE_SIGN_IDENTITY[sdk=iphoneos*]" = "iPhone Developer";
				GCC_PREPROCESSOR_DEFINITIONS = (
					"DEBUG=1",
					"$(inherited)",
				);
				INFOPLIST_FILE = TiperKeyboardKB/Info.plist;
				IPHONEOS_DEPLOYMENT_TARGET = 9.3;
				LD_RUNPATH_SEARCH_PATHS = "$(inherited) @executable_path/Frameworks @executable_path/../../Frameworks";
				PRODUCT_BUNDLE_IDENTIFIER = "com.Taniguchi.TiperKeyboard2.TiperKeyboard2.$(PRODUCT_NAME:rfc1034identifier)";
				PRODUCT_NAME = "$(TARGET_NAME)";
				PROVISIONING_PROFILE = "";
				SKIP_INSTALL = YES;
				SWIFT_INSTALL_OBJC_HEADER = NO;
				SWIFT_OBJC_BRIDGING_HEADER = "TiperKeyboardKB/TiperKeyboardKB-Bridging-Header.h";
				SWIFT_OPTIMIZATION_LEVEL = "-Onone";
				SWIFT_VERSION = 3.0;
				TARGETED_DEVICE_FAMILY = 1;
			};
			name = Debug;
		};
		F6FB59D11A4F378A000A39CD /* Release */ = {
			isa = XCBuildConfiguration;
			buildSettings = {
				CLANG_ENABLE_MODULES = YES;
				CODE_SIGN_ENTITLEMENTS = TiperKeyboardKB/TiperKeyboardKB.entitlements;
				CODE_SIGN_IDENTITY = "iPhone Developer";
				"CODE_SIGN_IDENTITY[sdk=iphoneos*]" = "iPhone Developer";
				INFOPLIST_FILE = TiperKeyboardKB/Info.plist;
				IPHONEOS_DEPLOYMENT_TARGET = 9.3;
				LD_RUNPATH_SEARCH_PATHS = "$(inherited) @executable_path/Frameworks @executable_path/../../Frameworks";
				ONLY_ACTIVE_ARCH = YES;
				PRODUCT_BUNDLE_IDENTIFIER = "com.Taniguchi.TiperKeyboard2.TiperKeyboard2.$(PRODUCT_NAME:rfc1034identifier)";
				PRODUCT_NAME = "$(TARGET_NAME)";
				PROVISIONING_PROFILE = "";
				SKIP_INSTALL = YES;
				SWIFT_INSTALL_OBJC_HEADER = NO;
				SWIFT_OBJC_BRIDGING_HEADER = "TiperKeyboardKB/TiperKeyboardKB-Bridging-Header.h";
				SWIFT_OPTIMIZATION_LEVEL = "-Owholemodule";
				SWIFT_VERSION = 3.0;
				TARGETED_DEVICE_FAMILY = 1;
			};
			name = Release;
		};
/* End XCBuildConfiguration section */

/* Begin XCConfigurationList section */
		F61BA0181BB8775600528FD1 /* Build configuration list for PBXNativeTarget "ShortKeyUITests" */ = {
			isa = XCConfigurationList;
			buildConfigurations = (
				F61BA0161BB8775600528FD1 /* Debug */,
				F61BA0171BB8775600528FD1 /* Release */,
			);
			defaultConfigurationIsVisible = 0;
			defaultConfigurationName = Release;
		};
		F6FB59981A4F36CE000A39CD /* Build configuration list for PBXProject "TiperKeyboard2" */ = {
			isa = XCConfigurationList;
			buildConfigurations = (
				F6FB59BA1A4F36CE000A39CD /* Debug */,
				F6FB59BB1A4F36CE000A39CD /* Release */,
			);
			defaultConfigurationIsVisible = 0;
			defaultConfigurationName = Release;
		};
		F6FB59BC1A4F36CE000A39CD /* Build configuration list for PBXNativeTarget "TiperKeyboard2" */ = {
			isa = XCConfigurationList;
			buildConfigurations = (
				F6FB59BD1A4F36CE000A39CD /* Debug */,
				F6FB59BE1A4F36CE000A39CD /* Release */,
			);
			defaultConfigurationIsVisible = 0;
			defaultConfigurationName = Release;
		};
		F6FB59BF1A4F36CE000A39CD /* Build configuration list for PBXNativeTarget "TiperKeyboard2Tests" */ = {
			isa = XCConfigurationList;
			buildConfigurations = (
				F6FB59C01A4F36CE000A39CD /* Debug */,
				F6FB59C11A4F36CE000A39CD /* Release */,
			);
			defaultConfigurationIsVisible = 0;
			defaultConfigurationName = Release;
		};
		F6FB59CF1A4F378A000A39CD /* Build configuration list for PBXNativeTarget "TiperKeyboardKB" */ = {
			isa = XCConfigurationList;
			buildConfigurations = (
				F6FB59D01A4F378A000A39CD /* Debug */,
				F6FB59D11A4F378A000A39CD /* Release */,
			);
			defaultConfigurationIsVisible = 0;
			defaultConfigurationName = Release;
		};
/* End XCConfigurationList section */
	};
	rootObject = F6FB59951A4F36CE000A39CD /* Project object */;
}
